
Microsoft Visual Studio Solution File, Format Version 12.00
# Visual Studio Version 17
VisualStudioVersion = 17.13.35919.96 d17.13
MinimumVisualStudioVersion = 10.0.40219.1
Project("{FAE04EC0-301F-11D3-BF4B-00C04F79EFBC}") = "TigrMixLink", "TigrMixLink\TigrMixLink.csproj", "{B052B3D4-3897-446E-A41D-4ED86EFFFA41}"
EndProject
Project("{FAE04EC0-301F-11D3-BF4B-00C04F79EFBC}") = "TigrMixLink.Library", "TigrMixLink.Library\TigrMixLink.Library.csproj", "{3A51336D-AFA6-4192-BD96-E7E82AD1D34D}"
EndProject
Global
	GlobalSection(SolutionConfigurationPlatforms) = preSolution
		Debug|Any CPU = Debug|Any CPU
		Release|Any CPU = Release|Any CPU
	EndGlobalSection
	GlobalSection(ProjectConfigurationPlatforms) = postSolution
		{B052B3D4-3897-446E-A41D-4ED86EFFFA41}.Debug|Any CPU.ActiveCfg = Debug|Any CPU
		{B052B3D4-3897-446E-A41D-4ED86EFFFA41}.Debug|Any CPU.Build.0 = Debug|Any CPU
		{B052B3D4-3897-446E-A41D-4ED86EFFFA41}.Release|Any CPU.ActiveCfg = Release|Any CPU
		{B052B3D4-3897-446E-A41D-4ED86EFFFA41}.Release|Any CPU.Build.0 = Release|Any CPU
		{3A51336D-AFA6-4192-BD96-E7E82AD1D34D}.Debug|Any CPU.ActiveCfg = Debug|Any CPU
		{3A51336D-AFA6-4192-BD96-E7E82AD1D34D}.Debug|Any CPU.Build.0 = Debug|Any CPU
		{3A51336D-AFA6-4192-BD96-E7E82AD1D34D}.Release|Any CPU.ActiveCfg = Release|Any CPU
		{3A51336D-AFA6-4192-BD96-E7E82AD1D34D}.Release|Any CPU.Build.0 = Release|Any CPU
	EndGlobalSection
	GlobalSection(SolutionProperties) = preSolution
		HideSolutionNode = FALSE
	EndGlobalSection
	GlobalSection(ExtensibilityGlobals) = postSolution
		SolutionGuid = {68A70311-0423-4D1E-BEDA-5DE937F9BD3B}
	EndGlobalSection
EndGlobal
